<?xml version="1.0" encoding="utf-8"?>
<Project ToolsVersion="4.0" xmlns="http://schemas.microsoft.com/developer/msbuild/2003">
  <ItemGroup>
    <Filter Include="base">
      <UniqueIdentifier>{81ab3847-2894-4251-856b-66f39b090229}</UniqueIdentifier>
    </Filter>
    <Filter Include="test_fmod">
      <UniqueIdentifier>{77a45f2c-1f22-46b3-9c35-5ee34c38a7b9}</UniqueIdentifier>
    </Filter>
    <Filter Include="utility">
      <UniqueIdentifier>{abef3520-7cdf-44e1-9ede-8fafcfbe17cd}</UniqueIdentifier>
    </Filter>
    <Filter Include="r2">
      <UniqueIdentifier>{7f8e3881-6ccf-4203-a030-363f487d65bd}</UniqueIdentifier>
    </Filter>
    <Filter Include="test_fmod\menu">
      <UniqueIdentifier>{4093bd03-4cb2-493d-b960-ad93b7dcd157}</UniqueIdentifier>
    </Filter>
    <Filter Include="test_fmod\item">
      <UniqueIdentifier>{00b0807e-d477-422e-b460-a49e91af26a0}</UniqueIdentifier>
    </Filter>
  </ItemGroup>
  <ItemGroup>
    <ClCompile Include="src\main.cpp" />
    <ClCompile Include="src\pch.cpp" />
    <ClCompile Include="src\base\r2_Director.cpp">
      <Filter>base</Filter>
    </ClCompile>
    <ClCompile Include="src\base\r2_Menu.cpp">
      <Filter>base</Filter>
    </ClCompile>
    <ClCompile Include="src\utility\r2_fmod_util.cpp">
      <Filter>utility</Filter>
    </ClCompile>
    <ClCompile Include="src\r2\r2_FrameManager.cpp">
      <Filter>r2</Filter>
    </ClCompile>
    <ClCompile Include="src\test_fmod\menu\RootMenu.cpp">
      <Filter>test_fmod\menu</Filter>
    </ClCompile>
    <ClCompile Include="src\test_fmod\item\etc_test.cpp">
      <Filter>test_fmod\item</Filter>
    </ClCompile>
    <ClCompile Include="src\test_fmod\item\fmod_basic_test.cpp">
      <Filter>test_fmod\item</Filter>
    </ClCompile>
    <ClCompile Include="src\test_fmod\item\fmod_channel_group_test.cpp">
      <Filter>test_fmod\item</Filter>
    </ClCompile>
    <ClCompile Include="src\test_fmod\item\fmod_effect_test.cpp">
      <Filter>test_fmod\item</Filter>
    </ClCompile>
    <ClCompile Include="src\test_fmod\item\fmod_load_test.cpp">
      <Filter>test_fmod\item</Filter>
    </ClCompile>
    <ClCompile Include="src\test_fmod\item\fmod_play_test.cpp">
      <Filter>test_fmod\item</Filter>
    </ClCompile>
    <ClCompile Include="src\test_fmod\item\fmod_sound_analysis_test.cpp">
      <Filter>test_fmod\item</Filter>
    </ClCompile>
  </ItemGroup>
  <ItemGroup>
    <ClInclude Include="src\pch.h" />
    <ClInclude Include="src\base\r2_Assert.h">
      <Filter>base</Filter>
    </ClInclude>
    <ClInclude Include="src\base\r2_Director.h">
      <Filter>base</Filter>
    </ClInclude>
    <ClInclude Include="src\base\r2_eTestResult.h">
      <Filter>base</Filter>
    </ClInclude>
    <ClInclude Include="src\base\r2_iTest.h">
      <Filter>base</Filter>
    </ClInclude>
    <ClInclude Include="src\base\r2_Menu.h">
      <Filter>base</Filter>
    </ClInclude>
    <ClInclude Include="src\utility\r2_fmod_util.h">
      <Filter>utility</Filter>
    </ClInclude>
    <ClInclude Include="src\r2\r2_FrameManager.h">
      <Filter>r2</Filter>
    </ClInclude>
    <ClInclude Include="src\test_fmod\menu\RootMenu.h">
      <Filter>test_fmod\menu</Filter>
    </ClInclude>
    <ClInclude Include="src\test_fmod\item\etc_test.h">
      <Filter>test_fmod\item</Filter>
    </ClInclude>
    <ClInclude Include="src\test_fmod\item\fmod_basic_test.h">
      <Filter>test_fmod\item</Filter>
    </ClInclude>
    <ClInclude Include="src\test_fmod\item\fmod_channel_group_test.h">
      <Filter>test_fmod\item</Filter>
    </ClInclude>
    <ClInclude Include="src\test_fmod\item\fmod_effect_test.h">
      <Filter>test_fmod\item</Filter>
    </ClInclude>
    <ClInclude Include="src\test_fmod\item\fmod_load_test.h">
      <Filter>test_fmod\item</Filter>
    </ClInclude>
    <ClInclude Include="src\test_fmod\item\fmod_play_test.h">
      <Filter>test_fmod\item</Filter>
    </ClInclude>
    <ClInclude Include="src\test_fmod\item\fmod_sound_analysis_test.h">
      <Filter>test_fmod\item</Filter>
    </ClInclude>
    <ClInclude Include="src\r2\r2_Singleton.h">
      <Filter>r2</Filter>
    </ClInclude>
  </ItemGroup>
</Project>